
Microsoft Visual Studio Solution File, Format Version 12.00
# Visual Studio Version 17
VisualStudioVersion = 17.7.34031.279
MinimumVisualStudioVersion = 10.0.40219.1
Project("{8BC9CEB8-8B4A-11D0-8D11-00A0C91BC942}") = "SliceShape", "SliceShape\SliceShape.vcxproj", "{6D56BAB6-1056-4BFF-9DDA-87A7A1824E77}"
EndProject
Global
	GlobalSection(SolutionConfigurationPlatforms) = preSolution
		Debug|x64 = Debug|x64
		Debug|x86 = Debug|x86
		Release|x64 = Release|x64
		Release|x86 = Release|x86
	EndGlobalSection
	GlobalSection(ProjectConfigurationPlatforms) = postSolution
		{6D56BAB6-1056-4BFF-9DDA-87A7A1824E77}.Debug|x64.ActiveCfg = Debug|x64
		{6D56BAB6-1056-4BFF-9DDA-87A7A1824E77}.Debug|x64.Build.0 = Debug|x64
		{6D56BAB6-1056-4BFF-9DDA-87A7A1824E77}.Debug|x86.ActiveCfg = Debug|Win32
		{6D56BAB6-1056-4BFF-9DDA-87A7A1824E77}.Debug|x86.Build.0 = Debug|Win32
		{6D56BAB6-1056-4BFF-9DDA-87A7A1824E77}.Release|x64.ActiveCfg = Release|x64
		{6D56BAB6-1056-4BFF-9DDA-87A7A1824E77}.Release|x64.Build.0 = Release|x64
		{6D56BAB6-1056-4BFF-9DDA-87A7A1824E77}.Release|x86.ActiveCfg = Release|Win32
		{6D56BAB6-1056-4BFF-9DDA-87A7A1824E77}.Release|x86.Build.0 = Release|Win32
	EndGlobalSection
	GlobalSection(SolutionProperties) = preSolution
		HideSolutionNode = FALSE
	EndGlobalSection
	GlobalSection(ExtensibilityGlobals) = postSolution
		SolutionGuid = {7D96D404-5D98-4BB3-8E2C-FC4C7D9F85F8}
	EndGlobalSection
EndGlobal
