
Microsoft Visual Studio Solution File, Format Version 12.00
# Visual Studio Version 17
VisualStudioVersion = 17.7.34009.444
MinimumVisualStudioVersion = 10.0.40219.1
Project("{8BC9CEB8-8B4A-11D0-8D11-00A0C91BC942}") = "2-1", "task1\task1.vcxproj", "{0FFD27D1-2038-4AC1-BBB4-7DB06CB6FDA0}"
EndProject
Project("{8BC9CEB8-8B4A-11D0-8D11-00A0C91BC942}") = "2-2", "2-2\2-2.vcxproj", "{A79A8C6E-9F0F-4A1A-8228-2D420CB21CF8}"
EndProject
Project("{8BC9CEB8-8B4A-11D0-8D11-00A0C91BC942}") = "2-3", "2-3\2-3.vcxproj", "{BB3887A2-F152-48A6-A858-ED24D30EEDB3}"
EndProject
Project("{8BC9CEB8-8B4A-11D0-8D11-00A0C91BC942}") = "2-4", "2-4\2-4.vcxproj", "{EFAA88E6-2EFF-4C80-ACC9-E342083BEF27}"
EndProject
Project("{8BC9CEB8-8B4A-11D0-8D11-00A0C91BC942}") = "2-5", "2-5\2-5.vcxproj", "{B905903E-1340-4C45-8505-2CBCFC5915F7}"
EndProject
Project("{8BC9CEB8-8B4A-11D0-8D11-00A0C91BC942}") = "2-6", "2-6\2-6.vcxproj", "{C6A453DD-FA79-4321-8472-A96AFB0A6E28}"
EndProject
Project("{8BC9CEB8-8B4A-11D0-8D11-00A0C91BC942}") = "2-7", "2-7\2-7.vcxproj", "{AD1C0BBF-978C-44C0-BC77-C25632B10E85}"
EndProject
Project("{8BC9CEB8-8B4A-11D0-8D11-00A0C91BC942}") = "test", "test\test.vcxproj", "{7EA138D5-6591-4C9E-8577-42A9CB375784}"
EndProject
Global
	GlobalSection(SolutionConfigurationPlatforms) = preSolution
		Debug|x64 = Debug|x64
		Debug|x86 = Debug|x86
		Release|x64 = Release|x64
		Release|x86 = Release|x86
	EndGlobalSection
	GlobalSection(ProjectConfigurationPlatforms) = postSolution
		{0FFD27D1-2038-4AC1-BBB4-7DB06CB6FDA0}.Debug|x64.ActiveCfg = Debug|x64
		{0FFD27D1-2038-4AC1-BBB4-7DB06CB6FDA0}.Debug|x64.Build.0 = Debug|x64
		{0FFD27D1-2038-4AC1-BBB4-7DB06CB6FDA0}.Debug|x86.ActiveCfg = Debug|Win32
		{0FFD27D1-2038-4AC1-BBB4-7DB06CB6FDA0}.Debug|x86.Build.0 = Debug|Win32
		{0FFD27D1-2038-4AC1-BBB4-7DB06CB6FDA0}.Release|x64.ActiveCfg = Release|x64
		{0FFD27D1-2038-4AC1-BBB4-7DB06CB6FDA0}.Release|x64.Build.0 = Release|x64
		{0FFD27D1-2038-4AC1-BBB4-7DB06CB6FDA0}.Release|x86.ActiveCfg = Release|Win32
		{0FFD27D1-2038-4AC1-BBB4-7DB06CB6FDA0}.Release|x86.Build.0 = Release|Win32
		{A79A8C6E-9F0F-4A1A-8228-2D420CB21CF8}.Debug|x64.ActiveCfg = Debug|x64
		{A79A8C6E-9F0F-4A1A-8228-2D420CB21CF8}.Debug|x64.Build.0 = Debug|x64
		{A79A8C6E-9F0F-4A1A-8228-2D420CB21CF8}.Debug|x86.ActiveCfg = Debug|Win32
		{A79A8C6E-9F0F-4A1A-8228-2D420CB21CF8}.Debug|x86.Build.0 = Debug|Win32
		{A79A8C6E-9F0F-4A1A-8228-2D420CB21CF8}.Release|x64.ActiveCfg = Release|x64
		{A79A8C6E-9F0F-4A1A-8228-2D420CB21CF8}.Release|x64.Build.0 = Release|x64
		{A79A8C6E-9F0F-4A1A-8228-2D420CB21CF8}.Release|x86.ActiveCfg = Release|Win32
		{A79A8C6E-9F0F-4A1A-8228-2D420CB21CF8}.Release|x86.Build.0 = Release|Win32
		{BB3887A2-F152-48A6-A858-ED24D30EEDB3}.Debug|x64.ActiveCfg = Debug|x64
		{BB3887A2-F152-48A6-A858-ED24D30EEDB3}.Debug|x64.Build.0 = Debug|x64
		{BB3887A2-F152-48A6-A858-ED24D30EEDB3}.Debug|x86.ActiveCfg = Debug|Win32
		{BB3887A2-F152-48A6-A858-ED24D30EEDB3}.Debug|x86.Build.0 = Debug|Win32
		{BB3887A2-F152-48A6-A858-ED24D30EEDB3}.Release|x64.ActiveCfg = Release|x64
		{BB3887A2-F152-48A6-A858-ED24D30EEDB3}.Release|x64.Build.0 = Release|x64
		{BB3887A2-F152-48A6-A858-ED24D30EEDB3}.Release|x86.ActiveCfg = Release|Win32
		{BB3887A2-F152-48A6-A858-ED24D30EEDB3}.Release|x86.Build.0 = Release|Win32
		{EFAA88E6-2EFF-4C80-ACC9-E342083BEF27}.Debug|x64.ActiveCfg = Debug|x64
		{EFAA88E6-2EFF-4C80-ACC9-E342083BEF27}.Debug|x64.Build.0 = Debug|x64
		{EFAA88E6-2EFF-4C80-ACC9-E342083BEF27}.Debug|x86.ActiveCfg = Debug|Win32
		{EFAA88E6-2EFF-4C80-ACC9-E342083BEF27}.Debug|x86.Build.0 = Debug|Win32
		{EFAA88E6-2EFF-4C80-ACC9-E342083BEF27}.Release|x64.ActiveCfg = Release|x64
		{EFAA88E6-2EFF-4C80-ACC9-E342083BEF27}.Release|x64.Build.0 = Release|x64
		{EFAA88E6-2EFF-4C80-ACC9-E342083BEF27}.Release|x86.ActiveCfg = Release|Win32
		{EFAA88E6-2EFF-4C80-ACC9-E342083BEF27}.Release|x86.Build.0 = Release|Win32
		{B905903E-1340-4C45-8505-2CBCFC5915F7}.Debug|x64.ActiveCfg = Debug|x64
		{B905903E-1340-4C45-8505-2CBCFC5915F7}.Debug|x64.Build.0 = Debug|x64
		{B905903E-1340-4C45-8505-2CBCFC5915F7}.Debug|x86.ActiveCfg = Debug|Win32
		{B905903E-1340-4C45-8505-2CBCFC5915F7}.Debug|x86.Build.0 = Debug|Win32
		{B905903E-1340-4C45-8505-2CBCFC5915F7}.Release|x64.ActiveCfg = Release|x64
		{B905903E-1340-4C45-8505-2CBCFC5915F7}.Release|x64.Build.0 = Release|x64
		{B905903E-1340-4C45-8505-2CBCFC5915F7}.Release|x86.ActiveCfg = Release|Win32
		{B905903E-1340-4C45-8505-2CBCFC5915F7}.Release|x86.Build.0 = Release|Win32
		{C6A453DD-FA79-4321-8472-A96AFB0A6E28}.Debug|x64.ActiveCfg = Debug|x64
		{C6A453DD-FA79-4321-8472-A96AFB0A6E28}.Debug|x64.Build.0 = Debug|x64
		{C6A453DD-FA79-4321-8472-A96AFB0A6E28}.Debug|x86.ActiveCfg = Debug|Win32
		{C6A453DD-FA79-4321-8472-A96AFB0A6E28}.Debug|x86.Build.0 = Debug|Win32
		{C6A453DD-FA79-4321-8472-A96AFB0A6E28}.Release|x64.ActiveCfg = Release|x64
		{C6A453DD-FA79-4321-8472-A96AFB0A6E28}.Release|x64.Build.0 = Release|x64
		{C6A453DD-FA79-4321-8472-A96AFB0A6E28}.Release|x86.ActiveCfg = Release|Win32
		{C6A453DD-FA79-4321-8472-A96AFB0A6E28}.Release|x86.Build.0 = Release|Win32
		{AD1C0BBF-978C-44C0-BC77-C25632B10E85}.Debug|x64.ActiveCfg = Debug|x64
		{AD1C0BBF-978C-44C0-BC77-C25632B10E85}.Debug|x64.Build.0 = Debug|x64
		{AD1C0BBF-978C-44C0-BC77-C25632B10E85}.Debug|x86.ActiveCfg = Debug|Win32
		{AD1C0BBF-978C-44C0-BC77-C25632B10E85}.Debug|x86.Build.0 = Debug|Win32
		{AD1C0BBF-978C-44C0-BC77-C25632B10E85}.Release|x64.ActiveCfg = Release|x64
		{AD1C0BBF-978C-44C0-BC77-C25632B10E85}.Release|x64.Build.0 = Release|x64
		{AD1C0BBF-978C-44C0-BC77-C25632B10E85}.Release|x86.ActiveCfg = Release|Win32
		{AD1C0BBF-978C-44C0-BC77-C25632B10E85}.Release|x86.Build.0 = Release|Win32
		{7EA138D5-6591-4C9E-8577-42A9CB375784}.Debug|x64.ActiveCfg = Debug|x64
		{7EA138D5-6591-4C9E-8577-42A9CB375784}.Debug|x64.Build.0 = Debug|x64
		{7EA138D5-6591-4C9E-8577-42A9CB375784}.Debug|x86.ActiveCfg = Debug|Win32
		{7EA138D5-6591-4C9E-8577-42A9CB375784}.Debug|x86.Build.0 = Debug|Win32
		{7EA138D5-6591-4C9E-8577-42A9CB375784}.Release|x64.ActiveCfg = Release|x64
		{7EA138D5-6591-4C9E-8577-42A9CB375784}.Release|x64.Build.0 = Release|x64
		{7EA138D5-6591-4C9E-8577-42A9CB375784}.Release|x86.ActiveCfg = Release|Win32
		{7EA138D5-6591-4C9E-8577-42A9CB375784}.Release|x86.Build.0 = Release|Win32
	EndGlobalSection
	GlobalSection(SolutionProperties) = preSolution
		HideSolutionNode = FALSE
	EndGlobalSection
	GlobalSection(ExtensibilityGlobals) = postSolution
		SolutionGuid = {C53D7AF2-8524-450C-8116-80E22714B5DA}
	EndGlobalSection
EndGlobal
